// !$*UTF8*$!
{
	archiveVersion = 1;
	classes = {
	};
	objectVersion = 46;
	objects = {

/* Begin PBXBuildFile section */
		6977D8671DBF52B80045256A /* main.m in Sources */ = {isa = PBXBuildFile; fileRef = 6977D8661DBF52B80045256A /* main.m */; };
		6977D86A1DBF52B80045256A /* AppDelegate.m in Sources */ = {isa = PBXBuildFile; fileRef = 6977D8691DBF52B80045256A /* AppDelegate.m */; };
		6977D86D1DBF52B80045256A /* ViewController.m in Sources */ = {isa = PBXBuildFile; fileRef = 6977D86C1DBF52B80045256A /* ViewController.m */; };
		6977D8701DBF52B80045256A /* Main.storyboard in Resources */ = {isa = PBXBuildFile; fileRef = 6977D86E1DBF52B80045256A /* Main.storyboard */; };
		6977D8721DBF52B80045256A /* Assets.xcassets in Resources */ = {isa = PBXBuildFile; fileRef = 6977D8711DBF52B80045256A /* Assets.xcassets */; };
		6977D8751DBF52B80045256A /* LaunchScreen.storyboard in Resources */ = {isa = PBXBuildFile; fileRef = 6977D8731DBF52B80045256A /* LaunchScreen.storyboard */; };
		6977D8801DBF52B80045256A /* testCategoryTests.m in Sources */ = {isa = PBXBuildFile; fileRef = 6977D87F1DBF52B80045256A /* testCategoryTests.m */; };
		6977D88B1DBF52B80045256A /* testCategoryUITests.m in Sources */ = {isa = PBXBuildFile; fileRef = 6977D88A1DBF52B80045256A /* testCategoryUITests.m */; };
		6977D89D1DBF540E0045256A /* DetailViewController.m in Sources */ = {isa = PBXBuildFile; fileRef = 6977D89C1DBF540E0045256A /* DetailViewController.m */; };
		CCA2FF4F20C7837C001AD778 /* UIViewController+Swizzling.m in Sources */ = {isa = PBXBuildFile; fileRef = CCA2FF4E20C7837C001AD778 /* UIViewController+Swizzling.m */; };
/* End PBXBuildFile section */

/* Begin PBXContainerItemProxy section */
		6977D87C1DBF52B80045256A /* PBXContainerItemProxy */ = {
			isa = PBXContainerItemProxy;
			containerPortal = 6977D85A1DBF52B80045256A /* Project object */;
			proxyType = 1;
			remoteGlobalIDString = 6977D8611DBF52B80045256A;
			remoteInfo = testCategory;
		};
		6977D8871DBF52B80045256A /* PBXContainerItemProxy */ = {
			isa = PBXContainerItemProxy;
			containerPortal = 6977D85A1DBF52B80045256A /* Project object */;
			proxyType = 1;
			remoteGlobalIDString = 6977D8611DBF52B80045256A;
			remoteInfo = testCategory;
		};
/* End PBXContainerItemProxy section */

/* Begin PBXFileReference section */
		6977D8621DBF52B80045256A /* testCategory.app */ = {isa = PBXFileReference; explicitFileType = wrapper.application; includeInIndex = 0; path = testCategory.app; sourceTree = BUILT_PRODUCTS_DIR; };
		6977D8661DBF52B80045256A /* main.m */ = {isa = PBXFileReference; lastKnownFileType = sourcecode.c.objc; path = main.m; sourceTree = "<group>"; };
		6977D8681DBF52B80045256A /* AppDelegate.h */ = {isa = PBXFileReference; lastKnownFileType = sourcecode.c.h; path = AppDelegate.h; sourceTree = "<group>"; };
		6977D8691DBF52B80045256A /* AppDelegate.m */ = {isa = PBXFileReference; lastKnownFileType = sourcecode.c.objc; path = AppDelegate.m; sourceTree = "<group>"; };
		6977D86B1DBF52B80045256A /* ViewController.h */ = {isa = PBXFileReference; lastKnownFileType = sourcecode.c.h; path = ViewController.h; sourceTree = "<group>"; };
		6977D86C1DBF52B80045256A /* ViewController.m */ = {isa = PBXFileReference; lastKnownFileType = sourcecode.c.objc; path = ViewController.m; sourceTree = "<group>"; };
		6977D86F1DBF52B80045256A /* Base */ = {isa = PBXFileReference; lastKnownFileType = file.storyboard; name = Base; path = Base.lproj/Main.storyboard; sourceTree = "<group>"; };
		6977D8711DBF52B80045256A /* Assets.xcassets */ = {isa = PBXFileReference; lastKnownFileType = folder.assetcatalog; path = Assets.xcassets; sourceTree = "<group>"; };
		6977D8741DBF52B80045256A /* Base */ = {isa = PBXFileReference; lastKnownFileType = file.storyboard; name = Base; path = Base.lproj/LaunchScreen.storyboard; sourceTree = "<group>"; };
		6977D8761DBF52B80045256A /* Info.plist */ = {isa = PBXFileReference; lastKnownFileType = text.plist.xml; path = Info.plist; sourceTree = "<group>"; };
		6977D87B1DBF52B80045256A /* testCategoryTests.xctest */ = {isa = PBXFileReference; explicitFileType = wrapper.cfbundle; includeInIndex = 0; path = testCategoryTests.xctest; sourceTree = BUILT_PRODUCTS_DIR; };
		6977D87F1DBF52B80045256A /* testCategoryTests.m */ = {isa = PBXFileReference; lastKnownFileType = sourcecode.c.objc; path = testCategoryTests.m; sourceTree = "<group>"; };
		6977D8811DBF52B80045256A /* Info.plist */ = {isa = PBXFileReference; lastKnownFileType = text.plist.xml; path = Info.plist; sourceTree = "<group>"; };
		6977D8861DBF52B80045256A /* testCategoryUITests.xctest */ = {isa = PBXFileReference; explicitFileType = wrapper.cfbundle; includeInIndex = 0; path = testCategoryUITests.xctest; sourceTree = BUILT_PRODUCTS_DIR; };
		6977D88A1DBF52B80045256A /* testCategoryUITests.m */ = {isa = PBXFileReference; lastKnownFileType = sourcecode.c.objc; path = testCategoryUITests.m; sourceTree = "<group>"; };
		6977D88C1DBF52B80045256A /* Info.plist */ = {isa = PBXFileReference; lastKnownFileType = text.plist.xml; path = Info.plist; sourceTree = "<group>"; };
		6977D89B1DBF540E0045256A /* DetailViewController.h */ = {isa = PBXFileReference; fileEncoding = 4; lastKnownFileType = sourcecode.c.h; path = DetailViewController.h; sourceTree = "<group>"; };
		6977D89C1DBF540E0045256A /* DetailViewController.m */ = {isa = PBXFileReference; fileEncoding = 4; lastKnownFileType = sourcecode.c.objc; path = DetailViewController.m; sourceTree = "<group>"; };
		CCA2FF4D20C7837C001AD778 /* UIViewController+Swizzling.h */ = {isa = PBXFileReference; lastKnownFileType = sourcecode.c.h; path = "UIViewController+Swizzling.h"; sourceTree = "<group>"; };
		CCA2FF4E20C7837C001AD778 /* UIViewController+Swizzling.m */ = {isa = PBXFileReference; lastKnownFileType = sourcecode.c.objc; path = "UIViewController+Swizzling.m"; sourceTree = "<group>"; };
/* End PBXFileReference section */

/* Begin PBXFrameworksBuildPhase section */
		6977D85F1DBF52B80045256A /* Frameworks */ = {
			isa = PBXFrameworksBuildPhase;
			buildActionMask = 2147483647;
			files = (
			);
			runOnlyForDeploymentPostprocessing = 0;
		};
		6977D8781DBF52B80045256A /* Frameworks */ = {
			isa = PBXFrameworksBuildPhase;
			buildActionMask = 2147483647;
			files = (
			);
			runOnlyForDeploymentPostprocessing = 0;
		};
		6977D8831DBF52B80045256A /* Frameworks */ = {
			isa = PBXFrameworksBuildPhase;
			buildActionMask = 2147483647;
			files = (
			);
			runOnlyForDeploymentPostprocessing = 0;
		};
/* End PBXFrameworksBuildPhase section */

/* Begin PBXGroup section */
		6977D8591DBF52B80045256A = {
			isa = PBXGroup;
			children = (
				6977D8641DBF52B80045256A /* testCategory */,
				6977D87E1DBF52B80045256A /* testCategoryTests */,
				6977D8891DBF52B80045256A /* testCategoryUITests */,
				6977D8631DBF52B80045256A /* Products */,
			);
			sourceTree = "<group>";
		};
		6977D8631DBF52B80045256A /* Products */ = {
			isa = PBXGroup;
			children = (
				6977D8621DBF52B80045256A /* testCategory.app */,
				6977D87B1DBF52B80045256A /* testCategoryTests.xctest */,
				6977D8861DBF52B80045256A /* testCategoryUITests.xctest */,
			);
			name = Products;
			sourceTree = "<group>";
		};
		6977D8641DBF52B80045256A /* testCategory */ = {
			isa = PBXGroup;
			children = (
				6977D8681DBF52B80045256A /* AppDelegate.h */,
				6977D8691DBF52B80045256A /* AppDelegate.m */,
				6977D86B1DBF52B80045256A /* ViewController.h */,
				6977D86C1DBF52B80045256A /* ViewController.m */,
				6977D89B1DBF540E0045256A /* DetailViewController.h */,
				6977D89C1DBF540E0045256A /* DetailViewController.m */,
				CCA2FF4D20C7837C001AD778 /* UIViewController+Swizzling.h */,
				CCA2FF4E20C7837C001AD778 /* UIViewController+Swizzling.m */,
				6977D86E1DBF52B80045256A /* Main.storyboard */,
				6977D8711DBF52B80045256A /* Assets.xcassets */,
				6977D8731DBF52B80045256A /* LaunchScreen.storyboard */,
				6977D8761DBF52B80045256A /* Info.plist */,
				6977D8651DBF52B80045256A /* Supporting Files */,
			);
			path = testCategory;
			sourceTree = "<group>";
		};
		6977D8651DBF52B80045256A /* Supporting Files */ = {
			isa = PBXGroup;
			children = (
				6977D8661DBF52B80045256A /* main.m */,
			);
			name = "Supporting Files";
			sourceTree = "<group>";
		};
		6977D87E1DBF52B80045256A /* testCategoryTests */ = {
			isa = PBXGroup;
			children = (
				6977D87F1DBF52B80045256A /* testCategoryTests.m */,
				6977D8811DBF52B80045256A /* Info.plist */,
			);
			path = testCategoryTests;
			sourceTree = "<group>";
		};
		6977D8891DBF52B80045256A /* testCategoryUITests */ = {
			isa = PBXGroup;
			children = (
				6977D88A1DBF52B80045256A /* testCategoryUITests.m */,
				6977D88C1DBF52B80045256A /* Info.plist */,
			);
			path = testCategoryUITests;
			sourceTree = "<group>";
		};
/* End PBXGroup section */

/* Begin PBXNativeTarget section */
		6977D8611DBF52B80045256A /* testCategory */ = {
			isa = PBXNativeTarget;
			buildConfigurationList = 6977D88F1DBF52B80045256A /* Build configuration list for PBXNativeTarget "testCategory" */;
			buildPhases = (
				6977D85E1DBF52B80045256A /* Sources */,
				6977D85F1DBF52B80045256A /* Frameworks */,
				6977D8601DBF52B80045256A /* Resources */,
			);
			buildRules = (
			);
			dependencies = (
			);
			name = testCategory;
			productName = testCategory;
			productReference = 6977D8621DBF52B80045256A /* testCategory.app */;
			productType = "com.apple.product-type.application";
		};
		6977D87A1DBF52B80045256A /* testCategoryTests */ = {
			isa = PBXNativeTarget;
			buildConfigurationList = 6977D8921DBF52B80045256A /* Build configuration list for PBXNativeTarget "testCategoryTests" */;
			buildPhases = (
				6977D8771DBF52B80045256A /* Sources */,
				6977D8781DBF52B80045256A /* Frameworks */,
				6977D8791DBF52B80045256A /* Resources */,
			);
			buildRules = (
			);
			dependencies = (
				6977D87D1DBF52B80045256A /* PBXTargetDependency */,
			);
			name = testCategoryTests;
			productName = testCategoryTests;
			productReference = 6977D87B1DBF52B80045256A /* testCategoryTests.xctest */;
			productType = "com.apple.product-type.bundle.unit-test";
		};
		6977D8851DBF52B80045256A /* testCategoryUITests */ = {
			isa = PBXNativeTarget;
			buildConfigurationList = 6977D8951DBF52B80045256A /* Build configuration list for PBXNativeTarget "testCategoryUITests" */;
			buildPhases = (
				6977D8821DBF52B80045256A /* Sources */,
				6977D8831DBF52B80045256A /* Frameworks */,
				6977D8841DBF52B80045256A /* Resources */,
			);
			buildRules = (
			);
			dependencies = (
				6977D8881DBF52B80045256A /* PBXTargetDependency */,
			);
			name = testCategoryUITests;
			productName = testCategoryUITests;
			productReference = 6977D8861DBF52B80045256A /* testCategoryUITests.xctest */;
			productType = "com.apple.product-type.bundle.ui-testing";
		};
/* End PBXNativeTarget section */

/* Begin PBXProject section */
		6977D85A1DBF52B80045256A /* Project object */ = {
			isa = PBXProject;
			attributes = {
				LastUpgradeCheck = 0800;
				ORGANIZATIONNAME = xujing;
				TargetAttributes = {
					6977D8611DBF52B80045256A = {
						CreatedOnToolsVersion = 8.0;
						ProvisioningStyle = Automatic;
					};
					6977D87A1DBF52B80045256A = {
						CreatedOnToolsVersion = 8.0;
						ProvisioningStyle = Automatic;
						TestTargetID = 6977D8611DBF52B80045256A;
					};
					6977D8851DBF52B80045256A = {
						CreatedOnToolsVersion = 8.0;
						ProvisioningStyle = Automatic;
						TestTargetID = 6977D8611DBF52B80045256A;
					};
				};
			};
			buildConfigurationList = 6977D85D1DBF52B80045256A /* Build configuration list for PBXProject "testCategory" */;
			compatibilityVersion = "Xcode 3.2";
			developmentRegion = English;
			hasScannedForEncodings = 0;
			knownRegions = (
				en,
				Base,
			);
			mainGroup = 6977D8591DBF52B80045256A;
			productRefGroup = 6977D8631DBF52B80045256A /* Products */;
			projectDirPath = "";
			projectRoot = "";
			targets = (
				6977D8611DBF52B80045256A /* testCategory */,
				6977D87A1DBF52B80045256A /* testCategoryTests */,
				6977D8851DBF52B80045256A /* testCategoryUITests */,
			);
		};
/* End PBXProject section */

/* Begin PBXResourcesBuildPhase section */
		6977D8601DBF52B80045256A /* Resources */ = {
			isa = PBXResourcesBuildPhase;
			buildActionMask = 2147483647;
			files = (
				6977D8751DBF52B80045256A /* LaunchScreen.storyboard in Resources */,
				6977D8721DBF52B80045256A /* Assets.xcassets in Resources */,
				6977D8701DBF52B80045256A /* Main.storyboard in Resources */,
			);
			runOnlyForDeploymentPostprocessing = 0;
		};
		6977D8791DBF52B80045256A /* Resources */ = {
			isa = PBXResourcesBuildPhase;
			buildActionMask = 2147483647;
			files = (
			);
			runOnlyForDeploymentPostprocessing = 0;
		};
		6977D8841DBF52B80045256A /* Resources */ = {
			isa = PBXResourcesBuildPhase;
			buildActionMask = 2147483647;
			files = (
			);
			runOnlyForDeploymentPostprocessing = 0;
		};
/* End PBXResourcesBuildPhase section */

/* Begin PBXSourcesBuildPhase section */
		6977D85E1DBF52B80045256A /* Sources */ = {
			isa = PBXSourcesBuildPhase;
			buildActionMask = 2147483647;
			files = (
				6977D89D1DBF540E0045256A /* DetailViewController.m in Sources */,
				6977D86D1DBF52B80045256A /* ViewController.m in Sources */,
				6977D86A1DBF52B80045256A /* AppDelegate.m in Sources */,
				CCA2FF4F20C7837C001AD778 /* UIViewController+Swizzling.m in Sources */,
				6977D8671DBF52B80045256A /* main.m in Sources */,
			);
			runOnlyForDeploymentPostprocessing = 0;
		};
		6977D8771DBF52B80045256A /* Sources */ = {
			isa = PBXSourcesBuildPhase;
			buildActionMask = 2147483647;
			files = (
				6977D8801DBF52B80045256A /* testCategoryTests.m in Sources */,
			);
			runOnlyForDeploymentPostprocessing = 0;
		};
		6977D8821DBF52B80045256A /* Sources */ = {
			isa = PBXSourcesBuildPhase;
			buildActionMask = 2147483647;
			files = (
				6977D88B1DBF52B80045256A /* testCategoryUITests.m in Sources */,
			);
			runOnlyForDeploymentPostprocessing = 0;
		};
/* End PBXSourcesBuildPhase section */

/* Begin PBXTargetDependency section */
		6977D87D1DBF52B80045256A /* PBXTargetDependency */ = {
			isa = PBXTargetDependency;
			target = 6977D8611DBF52B80045256A /* testCategory */;
			targetProxy = 6977D87C1DBF52B80045256A /* PBXContainerItemProxy */;
		};
		6977D8881DBF52B80045256A /* PBXTargetDependency */ = {
			isa = PBXTargetDependency;
			target = 6977D8611DBF52B80045256A /* testCategory */;
			targetProxy = 6977D8871DBF52B80045256A /* PBXContainerItemProxy */;
		};
/* End PBXTargetDependency section */

/* Begin PBXVariantGroup section */
		6977D86E1DBF52B80045256A /* Main.storyboard */ = {
			isa = PBXVariantGroup;
			children = (
				6977D86F1DBF52B80045256A /* Base */,
			);
			name = Main.storyboard;
			sourceTree = "<group>";
		};
		6977D8731DBF52B80045256A /* LaunchScreen.storyboard */ = {
			isa = PBXVariantGroup;
			children = (
				6977D8741DBF52B80045256A /* Base */,
			);
			name = LaunchScreen.storyboard;
			sourceTree = "<group>";
		};
/* End PBXVariantGroup section */

/* Begin XCBuildConfiguration section */
		6977D88D1DBF52B80045256A /* Debug */ = {
			isa = XCBuildConfiguration;
			buildSettings = {
				ALWAYS_SEARCH_USER_PATHS = NO;
				CLANG_ANALYZER_NONNULL = YES;
				CLANG_CXX_LANGUAGE_STANDARD = "gnu++0x";
				CLANG_CXX_LIBRARY = "libc++";
				CLANG_ENABLE_MODULES = YES;
				CLANG_ENABLE_OBJC_ARC = YES;
				CLANG_WARN_BOOL_CONVERSION = YES;
				CLANG_WARN_CONSTANT_CONVERSION = YES;
				CLANG_WARN_DIRECT_OBJC_ISA_USAGE = YES_ERROR;
				CLANG_WARN_DOCUMENTATION_COMMENTS = YES;
				CLANG_WARN_EMPTY_BODY = YES;
				CLANG_WARN_ENUM_CONVERSION = YES;
				CLANG_WARN_INFINITE_RECURSION = YES;
				CLANG_WARN_INT_CONVERSION = YES;
				CLANG_WARN_OBJC_ROOT_CLASS = YES_ERROR;
				CLANG_WARN_SUSPICIOUS_MOVES = YES;
				CLANG_WARN_UNREACHABLE_CODE = YES;
				CLANG_WARN__DUPLICATE_METHOD_MATCH = YES;
				"CODE_SIGN_IDENTITY[sdk=iphoneos*]" = "iPhone Developer";
				COPY_PHASE_STRIP = NO;
				DEBUG_INFORMATION_FORMAT = dwarf;
				ENABLE_STRICT_OBJC_MSGSEND = YES;
				ENABLE_TESTABILITY = YES;
				GCC_C_LANGUAGE_STANDARD = gnu99;
				GCC_DYNAMIC_NO_PIC = NO;
				GCC_NO_COMMON_BLOCKS = YES;
				GCC_OPTIMIZATION_LEVEL = 0;
				GCC_PREPROCESSOR_DEFINITIONS = (
					"DEBUG=1",
					"$(inherited)",
				);
				GCC_WARN_64_TO_32_BIT_CONVERSION = YES;
				GCC_WARN_ABOUT_RETURN_TYPE = YES_ERROR;
				GCC_WARN_UNDECLARED_SELECTOR = YES;
				GCC_WARN_UNINITIALIZED_AUTOS = YES_AGGRESSIVE;
				GCC_WARN_UNUSED_FUNCTION = YES;
				GCC_WARN_UNUSED_VARIABLE = YES;
				IPHONEOS_DEPLOYMENT_TARGET = 10.0;
				MTL_ENABLE_DEBUG_INFO = YES;
				ONLY_ACTIVE_ARCH = YES;
				SDKROOT = iphoneos;
			};
			name = Debug;
		};
		6977D88E1DBF52B80045256A /* Release */ = {
			isa = XCBuildConfiguration;
			buildSettings = {
				ALWAYS_SEARCH_USER_PATHS = NO;
				CLANG_ANALYZER_NONNULL = YES;
				CLANG_CXX_LANGUAGE_STANDARD = "gnu++0x";
				CLANG_CXX_LIBRARY = "libc++";
				CLANG_ENABLE_MODULES = YES;
				CLANG_ENABLE_OBJC_ARC = YES;
				CLANG_WARN_BOOL_CONVERSION = YES;
				CLANG_WARN_CONSTANT_CONVERSION = YES;
				CLANG_WARN_DIRECT_OBJC_ISA_USAGE = YES_ERROR;
				CLANG_WARN_DOCUMENTATION_COMMENTS = YES;
				CLANG_WARN_EMPTY_BODY = YES;
				CLANG_WARN_ENUM_CONVERSION = YES;
				CLANG_WARN_INFINITE_RECURSION = YES;
				CLANG_WARN_INT_CONVERSION = YES;
				CLANG_WARN_OBJC_ROOT_CLASS = YES_ERROR;
				CLANG_WARN_SUSPICIOUS_MOVES = YES;
				CLANG_WARN_UNREACHABLE_CODE = YES;
				CLANG_WARN__DUPLICATE_METHOD_MATCH = YES;
				"CODE_SIGN_IDENTITY[sdk=iphoneos*]" = "iPhone Developer";
				COPY_PHASE_STRIP = NO;
				DEBUG_INFORMATION_FORMAT = "dwarf-with-dsym";
				ENABLE_NS_ASSERTIONS = NO;
				ENABLE_STRICT_OBJC_MSGSEND = YES;
				GCC_C_LANGUAGE_STANDARD = gnu99;
				GCC_NO_COMMON_BLOCKS = YES;
				GCC_WARN_64_TO_32_BIT_CONVERSION = YES;
				GCC_WARN_ABOUT_RETURN_TYPE = YES_ERROR;
				GCC_WARN_UNDECLARED_SELECTOR = YES;
				GCC_WARN_UNINITIALIZED_AUTOS = YES_AGGRESSIVE;
				GCC_WARN_UNUSED_FUNCTION = YES;
				GCC_WARN_UNUSED_VARIABLE = YES;
				IPHONEOS_DEPLOYMENT_TARGET = 10.0;
				MTL_ENABLE_DEBUG_INFO = NO;
				SDKROOT = iphoneos;
				VALIDATE_PRODUCT = YES;
			};
			name = Release;
		};
		6977D8901DBF52B80045256A /* Debug */ = {
			isa = XCBuildConfiguration;
			buildSettings = {
				ASSETCATALOG_COMPILER_APPICON_NAME = AppIcon;
				INFOPLIST_FILE = testCategory/Info.plist;
				LD_RUNPATH_SEARCH_PATHS = "$(inherited) @executable_path/Frameworks";
				PRODUCT_BUNDLE_IDENTIFIER = com.AiLi.testCategory;
				PRODUCT_NAME = "$(TARGET_NAME)";
			};
			name = Debug;
		};
		6977D8911DBF52B80045256A /* Release */ = {
			isa = XCBuildConfiguration;
			buildSettings = {
				ASSETCATALOG_COMPILER_APPICON_NAME = AppIcon;
				INFOPLIST_FILE = testCategory/Info.plist;
				LD_RUNPATH_SEARCH_PATHS = "$(inherited) @executable_path/Frameworks";
				PRODUCT_BUNDLE_IDENTIFIER = com.AiLi.testCategory;
				PRODUCT_NAME = "$(TARGET_NAME)";
			};
			name = Release;
		};
		6977D8931DBF52B80045256A /* Debug */ = {
			isa = XCBuildConfiguration;
			buildSettings = {
				BUNDLE_LOADER = "$(TEST_HOST)";
				INFOPLIST_FILE = testCategoryTests/Info.plist;
				LD_RUNPATH_SEARCH_PATHS = "$(inherited) @executable_path/Frameworks @loader_path/Frameworks";
				PRODUCT_BUNDLE_IDENTIFIER = com.AiLi.testCategoryTests;
				PRODUCT_NAME = "$(TARGET_NAME)";
				TEST_HOST = "$(BUILT_PRODUCTS_DIR)/testCategory.app/testCategory";
			};
			name = Debug;
		};
		6977D8941DBF52B80045256A /* Release */ = {
			isa = XCBuildConfiguration;
			buildSettings = {
				BUNDLE_LOADER = "$(TEST_HOST)";
				INFOPLIST_FILE = testCategoryTests/Info.plist;
				LD_RUNPATH_SEARCH_PATHS = "$(inherited) @executable_path/Frameworks @loader_path/Frameworks";
				PRODUCT_BUNDLE_IDENTIFIER = com.AiLi.testCategoryTests;
				PRODUCT_NAME = "$(TARGET_NAME)";
				TEST_HOST = "$(BUILT_PRODUCTS_DIR)/testCategory.app/testCategory";
			};
			name = Release;
		};
		6977D8961DBF52B80045256A /* Debug */ = {
			isa = XCBuildConfiguration;
			buildSettings = {
				INFOPLIST_FILE = testCategoryUITests/Info.plist;
				LD_RUNPATH_SEARCH_PATHS = "$(inherited) @executable_path/Frameworks @loader_path/Frameworks";
				PRODUCT_BUNDLE_IDENTIFIER = com.AiLi.testCategoryUITests;
				PRODUCT_NAME = "$(TARGET_NAME)";
				TEST_TARGET_NAME = testCategory;
			};
			name = Debug;
		};
		6977D8971DBF52B80045256A /* Release */ = {
			isa = XCBuildConfiguration;
			buildSettings = {
				INFOPLIST_FILE = testCategoryUITests/Info.plist;
				LD_RUNPATH_SEARCH_PATHS = "$(inherited) @executable_path/Frameworks @loader_path/Frameworks";
				PRODUCT_BUNDLE_IDENTIFIER = com.AiLi.testCategoryUITests;
				PRODUCT_NAME = "$(TARGET_NAME)";
				TEST_TARGET_NAME = testCategory;
			};
			name = Release;
		};
/* End XCBuildConfiguration section */

/* Begin XCConfigurationList section */
		6977D85D1DBF52B80045256A /* Build configuration list for PBXProject "testCategory" */ = {
			isa = XCConfigurationList;
			buildConfigurations = (
				6977D88D1DBF52B80045256A /* Debug */,
				6977D88E1DBF52B80045256A /* Release */,
			);
			defaultConfigurationIsVisible = 0;
			defaultConfigurationName = Release;
		};
		6977D88F1DBF52B80045256A /* Build configuration list for PBXNativeTarget "testCategory" */ = {
			isa = XCConfigurationList;
			buildConfigurations = (
				6977D8901DBF52B80045256A /* Debug */,
				6977D8911DBF52B80045256A /* Release */,
			);
			defaultConfigurationIsVisible = 0;
			defaultConfigurationName = Release;
		};
		6977D8921DBF52B80045256A /* Build configuration list for PBXNativeTarget "testCategoryTests" */ = {
			isa = XCConfigurationList;
			buildConfigurations = (
				6977D8931DBF52B80045256A /* Debug */,
				6977D8941DBF52B80045256A /* Release */,
			);
			defaultConfigurationIsVisible = 0;
			defaultConfigurationName = Release;
		};
		6977D8951DBF52B80045256A /* Build configuration list for PBXNativeTarget "testCategoryUITests" */ = {
			isa = XCConfigurationList;
			buildConfigurations = (
				6977D8961DBF52B80045256A /* Debug */,
				6977D8971DBF52B80045256A /* Release */,
			);
			defaultConfigurationIsVisible = 0;
			defaultConfigurationName = Release;
		};
/* End XCConfigurationList section */
	};
	rootObject = 6977D85A1DBF52B80045256A /* Project object */;
}
